
Microsoft Visual Studio Solution File, Format Version 12.00
# Visual Studio Version 17
VisualStudioVersion = 17.9.34622.214
MinimumVisualStudioVersion = 10.0.40219.1
Project("{8BC9CEB8-8B4A-11D0-8D11-00A0C91BC942}") = "task_2-", "task_2-.vcxproj", "{D39DC630-B75C-45F4-AA03-D1E5E2F0BBDA}"
EndProject
Project("{8BC9CEB8-8B4A-11D0-8D11-00A0C91BC942}") = "taks_2_tests", "taks_2_tests\taks_2_tests.vcxproj", "{70576AE8-2395-4FE6-9783-8232FEBABC11}"
EndProject
Global
	GlobalSection(SolutionConfigurationPlatforms) = preSolution
		Debug|x64 = Debug|x64
		Debug|x86 = Debug|x86
		Release|x64 = Release|x64
		Release|x86 = Release|x86
	EndGlobalSection
	GlobalSection(ProjectConfigurationPlatforms) = postSolution
		{D39DC630-B75C-45F4-AA03-D1E5E2F0BBDA}.Debug|x64.ActiveCfg = Debug|x64
		{D39DC630-B75C-45F4-AA03-D1E5E2F0BBDA}.Debug|x64.Build.0 = Debug|x64
		{D39DC630-B75C-45F4-AA03-D1E5E2F0BBDA}.Debug|x86.ActiveCfg = Debug|Win32
		{D39DC630-B75C-45F4-AA03-D1E5E2F0BBDA}.Debug|x86.Build.0 = Debug|Win32
		{D39DC630-B75C-45F4-AA03-D1E5E2F0BBDA}.Release|x64.ActiveCfg = Release|x64
		{D39DC630-B75C-45F4-AA03-D1E5E2F0BBDA}.Release|x64.Build.0 = Release|x64
		{D39DC630-B75C-45F4-AA03-D1E5E2F0BBDA}.Release|x86.ActiveCfg = Release|Win32
		{D39DC630-B75C-45F4-AA03-D1E5E2F0BBDA}.Release|x86.Build.0 = Release|Win32
		{70576AE8-2395-4FE6-9783-8232FEBABC11}.Debug|x64.ActiveCfg = Debug|x64
		{70576AE8-2395-4FE6-9783-8232FEBABC11}.Debug|x64.Build.0 = Debug|x64
		{70576AE8-2395-4FE6-9783-8232FEBABC11}.Debug|x86.ActiveCfg = Debug|Win32
		{70576AE8-2395-4FE6-9783-8232FEBABC11}.Debug|x86.Build.0 = Debug|Win32
		{70576AE8-2395-4FE6-9783-8232FEBABC11}.Release|x64.ActiveCfg = Release|x64
		{70576AE8-2395-4FE6-9783-8232FEBABC11}.Release|x64.Build.0 = Release|x64
		{70576AE8-2395-4FE6-9783-8232FEBABC11}.Release|x86.ActiveCfg = Release|Win32
		{70576AE8-2395-4FE6-9783-8232FEBABC11}.Release|x86.Build.0 = Release|Win32
	EndGlobalSection
	GlobalSection(SolutionProperties) = preSolution
		HideSolutionNode = FALSE
	EndGlobalSection
	GlobalSection(ExtensibilityGlobals) = postSolution
		SolutionGuid = {309D7B21-DC34-430E-B17E-B719FC5CD8CF}
	EndGlobalSection
EndGlobal
