<?xml version="1.0" encoding="utf-8"?>
<Project ToolsVersion="4.0" xmlns="http://schemas.microsoft.com/developer/msbuild/2003">
  <ItemGroup>
    <Filter Include="Source Files">
      <UniqueIdentifier>{4FC737F1-C7A5-4376-A066-2A32D752A2FF}</UniqueIdentifier>
      <Extensions>cpp;c;cc;cxx;c++;cppm;ixx;def;odl;idl;hpj;bat;asm;asmx</Extensions>
    </Filter>
    <Filter Include="Header Files">
      <UniqueIdentifier>{93995380-89BD-4b04-88EB-625FBE52EBFB}</UniqueIdentifier>
      <Extensions>h;hh;hpp;hxx;h++;hm;inl;inc;ipp;xsd</Extensions>
    </Filter>
    <Filter Include="Resource Files">
      <UniqueIdentifier>{67DA6AB6-F800-4c08-8B7A-83BB121AAD01}</UniqueIdentifier>
      <Extensions>rc;ico;cur;bmp;dlg;rc2;rct;bin;rgs;gif;jpg;jpeg;jpe;resx;tiff;tif;png;wav;mfcribbon-ms</Extensions>
    </Filter>
    <Filter Include="Header Files\Document">
      <UniqueIdentifier>{a6caf95c-0827-4788-91ac-cb769b5b94e3}</UniqueIdentifier>
    </Filter>
    <Filter Include="Header Files\Menu">
      <UniqueIdentifier>{264948a4-2d22-4c0a-a3b1-dbc1bc12a6c0}</UniqueIdentifier>
    </Filter>
    <Filter Include="Header Files\Command">
      <UniqueIdentifier>{802f6842-d1a0-43e3-a975-98c0e8806b61}</UniqueIdentifier>
    </Filter>
    <Filter Include="Header Files\Command\SetTitleCommand">
      <UniqueIdentifier>{db59132c-1e24-4571-a632-cfac4b5b4497}</UniqueIdentifier>
    </Filter>
    <Filter Include="Header Files\Command\SaveCommand">
      <UniqueIdentifier>{97266563-c049-4ebd-aa95-bc4c2beaed03}</UniqueIdentifier>
    </Filter>
    <Filter Include="Header Files\Command\ReplaceTextCommand">
      <UniqueIdentifier>{f46cb5c6-758e-42c8-9b82-5e206dd6273d}</UniqueIdentifier>
    </Filter>
    <Filter Include="Header Files\Command\InsertParagraphCommand">
      <UniqueIdentifier>{3f69dcd8-e23a-44b7-95b5-de127e300cae}</UniqueIdentifier>
    </Filter>
    <Filter Include="Header Files\Command\DeleteCommand">
      <UniqueIdentifier>{ddf0612b-75d1-4441-b560-fe5f6be48a8c}</UniqueIdentifier>
    </Filter>
    <Filter Include="Header Files\Command\AbstractCommand">
      <UniqueIdentifier>{62b9dd73-3137-41ce-9264-624dc92f0029}</UniqueIdentifier>
    </Filter>
    <Filter Include="Header Files\History">
      <UniqueIdentifier>{542a22cf-1eff-4c71-b0d3-8a33e2222cd9}</UniqueIdentifier>
    </Filter>
    <Filter Include="Header Files\Image">
      <UniqueIdentifier>{911d4bcc-5f7f-4795-908e-88a7b5c04cc4}</UniqueIdentifier>
    </Filter>
    <Filter Include="Header Files\Paragraph">
      <UniqueIdentifier>{4052c654-b941-4e0b-9e05-fe94fc784ab6}</UniqueIdentifier>
    </Filter>
    <Filter Include="Header Files\Command\InsertImageCommand">
      <UniqueIdentifier>{22aa961c-0756-4fb3-9a50-eeff16c0ac1d}</UniqueIdentifier>
    </Filter>
    <Filter Include="Header Files\Command\ResizeImageCommand">
      <UniqueIdentifier>{92f67afd-5100-402b-9fe8-7e43489719ca}</UniqueIdentifier>
    </Filter>
  </ItemGroup>
  <ItemGroup>
    <ClCompile Include="main.cpp">
      <Filter>Source Files</Filter>
    </ClCompile>
    <ClCompile Include="Menu.cpp">
      <Filter>Header Files\Menu</Filter>
    </ClCompile>
    <ClCompile Include="CommandHandler.h">
      <Filter>Header Files</Filter>
    </ClCompile>
    <ClCompile Include="History.cpp">
      <Filter>Header Files\History</Filter>
    </ClCompile>
    <ClCompile Include="AbstractCommand.cpp">
      <Filter>Header Files\Command\AbstractCommand</Filter>
    </ClCompile>
    <ClCompile Include="DeleteCommand.cpp">
      <Filter>Header Files\Command\DeleteCommand</Filter>
    </ClCompile>
    <ClCompile Include="InsertParagraphCommand.cpp">
      <Filter>Header Files\Command\InsertParagraphCommand</Filter>
    </ClCompile>
    <ClCompile Include="ReplaceTextCommand.cpp">
      <Filter>Header Files\Command\ReplaceTextCommand</Filter>
    </ClCompile>
    <ClCompile Include="SaveCommand.cpp">
      <Filter>Header Files\Command\SaveCommand</Filter>
    </ClCompile>
    <ClCompile Include="SetTitleCommand.cpp">
      <Filter>Header Files\Command\SetTitleCommand</Filter>
    </ClCompile>
    <ClCompile Include="Document.cpp">
      <Filter>Header Files\Document</Filter>
    </ClCompile>
    <ClCompile Include="InsertImageCommand.cpp">
      <Filter>Header Files\Command\InsertImageCommand</Filter>
    </ClCompile>
    <ClCompile Include="ResizeImageCommand.cpp">
      <Filter>Header Files\Command\ResizeImageCommand</Filter>
    </ClCompile>
  </ItemGroup>
  <ItemGroup>
    <ClInclude Include="IParagraph.h">
      <Filter>Header Files\Paragraph</Filter>
    </ClInclude>
    <ClInclude Include="Paragraph.h">
      <Filter>Header Files\Paragraph</Filter>
    </ClInclude>
    <ClInclude Include="IImage.h">
      <Filter>Header Files\Image</Filter>
    </ClInclude>
    <ClInclude Include="Image.h">
      <Filter>Header Files\Image</Filter>
    </ClInclude>
    <ClInclude Include="Menu.h">
      <Filter>Header Files\Menu</Filter>
    </ClInclude>
    <ClInclude Include="ConstDocumentItem.h">
      <Filter>Header Files\Document</Filter>
    </ClInclude>
    <ClInclude Include="Document.h">
      <Filter>Header Files\Document</Filter>
    </ClInclude>
    <ClInclude Include="DocumentItem.h">
      <Filter>Header Files\Document</Filter>
    </ClInclude>
    <ClInclude Include="IDocument.h">
      <Filter>Header Files\Document</Filter>
    </ClInclude>
    <ClInclude Include="History.h">
      <Filter>Header Files\History</Filter>
    </ClInclude>
    <ClInclude Include="ICommand.h">
      <Filter>Header Files\Command</Filter>
    </ClInclude>
    <ClInclude Include="ICommand_fwd.h">
      <Filter>Header Files\Command</Filter>
    </ClInclude>
    <ClInclude Include="AbstractCommand.h">
      <Filter>Header Files\Command\AbstractCommand</Filter>
    </ClInclude>
    <ClInclude Include="DeleteCommand.h">
      <Filter>Header Files\Command\DeleteCommand</Filter>
    </ClInclude>
    <ClInclude Include="InsertParagraphCommand.h">
      <Filter>Header Files\Command\InsertParagraphCommand</Filter>
    </ClInclude>
    <ClInclude Include="ReplaceTextCommand.h">
      <Filter>Header Files\Command\ReplaceTextCommand</Filter>
    </ClInclude>
    <ClInclude Include="SaveCommand.h">
      <Filter>Header Files\Command\SaveCommand</Filter>
    </ClInclude>
    <ClInclude Include="SetTitleCommand.h">
      <Filter>Header Files\Command\SetTitleCommand</Filter>
    </ClInclude>
    <ClInclude Include="InsertImageCommand.h">
      <Filter>Header Files\Command\InsertImageCommand</Filter>
    </ClInclude>
    <ClInclude Include="ResizeImageCommand.h">
      <Filter>Header Files\Command\ResizeImageCommand</Filter>
    </ClInclude>
  </ItemGroup>
  <ItemGroup>
    <Image Include="..\..\Users\apppp\Downloads\ezj.png">
      <Filter>Resource Files</Filter>
    </Image>
  </ItemGroup>
  <ItemGroup>
    <Text Include="text.txt" />
  </ItemGroup>
</Project>