<?xml version="1.0" encoding="utf-8"?>
<Project ToolsVersion="4.0" xmlns="http://schemas.microsoft.com/developer/msbuild/2003">
  <ItemGroup>
    <Filter Include="Source Files">
      <UniqueIdentifier>{4FC737F1-C7A5-4376-A066-2A32D752A2FF}</UniqueIdentifier>
      <Extensions>cpp;c;cc;cxx;c++;cppm;ixx;def;odl;idl;hpj;bat;asm;asmx</Extensions>
    </Filter>
    <Filter Include="Header Files">
      <UniqueIdentifier>{93995380-89BD-4b04-88EB-625FBE52EBFB}</UniqueIdentifier>
      <Extensions>h;hh;hpp;hxx;h++;hm;inl;inc;ipp;xsd</Extensions>
    </Filter>
    <Filter Include="Resource Files">
      <UniqueIdentifier>{67DA6AB6-F800-4c08-8B7A-83BB121AAD01}</UniqueIdentifier>
      <Extensions>rc;ico;cur;bmp;dlg;rc2;rct;bin;rgs;gif;jpg;jpeg;jpe;resx;tiff;tif;png;wav;mfcribbon-ms</Extensions>
    </Filter>
    <Filter Include="Header Files\Header Files">
      <UniqueIdentifier>{33d24819-3920-44d2-9f06-498b32d168dd}</UniqueIdentifier>
    </Filter>
    <Filter Include="Header Files\Header Files\Observer">
      <UniqueIdentifier>{024c0b6d-9b24-4877-b570-fab85ce7357e}</UniqueIdentifier>
    </Filter>
    <Filter Include="Header Files\Header Files\Observable">
      <UniqueIdentifier>{900829c8-46ad-422b-8b54-00b783308585}</UniqueIdentifier>
    </Filter>
  </ItemGroup>
  <ItemGroup>
    <ClCompile Include="main.cpp">
      <Filter>Source Files</Filter>
    </ClCompile>
  </ItemGroup>
  <ItemGroup>
    <ClInclude Include="CObservable.h">
      <Filter>Header Files\Header Files\Observable</Filter>
    </ClInclude>
    <ClInclude Include="IObservable.h">
      <Filter>Header Files\Header Files\Observable</Filter>
    </ClInclude>
    <ClInclude Include="IObserver.h">
      <Filter>Header Files\Header Files\Observable</Filter>
    </ClInclude>
    <ClInclude Include="SWeatherData.h">
      <Filter>Header Files\Header Files\Observer</Filter>
    </ClInclude>
    <ClInclude Include="CWeatherData.h">
      <Filter>Header Files\Header Files\Observer</Filter>
    </ClInclude>
    <ClInclude Include="CStatsDisplay.h">
      <Filter>Header Files\Header Files\Observer</Filter>
    </ClInclude>
    <ClInclude Include="CStat.h">
      <Filter>Header Files\Header Files\Observer</Filter>
    </ClInclude>
    <ClInclude Include="CDisplay.h">
      <Filter>Header Files\Header Files\Observer</Filter>
    </ClInclude>
  </ItemGroup>
</Project>